
Microsoft Visual Studio Solution File, Format Version 12.00
Project("{FAE04EC0-301F-11D3-BF4B-00C04F79EFBC}") = "CSharpLetsGo.LanguageLearning", "CSharpLetsGo.LanguageLearning\CSharpLetsGo.LanguageLearning.csproj", "{7A970CD0-A482-4B36-ABEC-CE303F6F5A25}"
EndProject
Project("{FAE04EC0-301F-11D3-BF4B-00C04F79EFBC}") = "PetShelter", "PetShelter\PetShelter.csproj", "{08A4CD5D-7DF7-49E0-80B7-911B5BE2D18C}"
EndProject
Global
	GlobalSection(SolutionConfigurationPlatforms) = preSolution
		Debug|Any CPU = Debug|Any CPU
		Release|Any CPU = Release|Any CPU
	EndGlobalSection
	GlobalSection(ProjectConfigurationPlatforms) = postSolution
		{7A970CD0-A482-4B36-ABEC-CE303F6F5A25}.Debug|Any CPU.ActiveCfg = Debug|Any CPU
		{7A970CD0-A482-4B36-ABEC-CE303F6F5A25}.Debug|Any CPU.Build.0 = Debug|Any CPU
		{7A970CD0-A482-4B36-ABEC-CE303F6F5A25}.Release|Any CPU.ActiveCfg = Release|Any CPU
		{7A970CD0-A482-4B36-ABEC-CE303F6F5A25}.Release|Any CPU.Build.0 = Release|Any CPU
		{08A4CD5D-7DF7-49E0-80B7-911B5BE2D18C}.Debug|Any CPU.ActiveCfg = Debug|Any CPU
		{08A4CD5D-7DF7-49E0-80B7-911B5BE2D18C}.Debug|Any CPU.Build.0 = Debug|Any CPU
		{08A4CD5D-7DF7-49E0-80B7-911B5BE2D18C}.Release|Any CPU.ActiveCfg = Release|Any CPU
		{08A4CD5D-7DF7-49E0-80B7-911B5BE2D18C}.Release|Any CPU.Build.0 = Release|Any CPU
	EndGlobalSection
EndGlobal
